
Microsoft Visual Studio Solution File, Format Version 12.00
# Visual Studio Version 17
VisualStudioVersion = 17.13.35825.156 d17.13
MinimumVisualStudioVersion = 10.0.40219.1
Project("{FAE04EC0-301F-11D3-BF4B-00C04F79EFBC}") = "VelocityUI", "VelocityUI\VelocityUI.csproj", "{6060B54F-3006-46FA-B780-BFCA3827387B}"
EndProject
Global
	GlobalSection(SolutionConfigurationPlatforms) = preSolution
		Debug|Any CPU = Debug|Any CPU
		Release|Any CPU = Release|Any CPU
	EndGlobalSection
	GlobalSection(ProjectConfigurationPlatforms) = postSolution
		{6060B54F-3006-46FA-B780-BFCA3827387B}.Debug|Any CPU.ActiveCfg = Debug|Any CPU
		{6060B54F-3006-46FA-B780-BFCA3827387B}.Debug|Any CPU.Build.0 = Debug|Any CPU
		{6060B54F-3006-46FA-B780-BFCA3827387B}.Release|Any CPU.ActiveCfg = Release|Any CPU
		{6060B54F-3006-46FA-B780-BFCA3827387B}.Release|Any CPU.Build.0 = Release|Any CPU
	EndGlobalSection
	GlobalSection(SolutionProperties) = preSolution
		HideSolutionNode = FALSE
	EndGlobalSection
	GlobalSection(ExtensibilityGlobals) = postSolution
		SolutionGuid = {CF9C2BCA-216E-4007-AF22-F1D3EA54AC39}
	EndGlobalSection
EndGlobal
